{
  "version": 4,
  "terraform_version": "1.7.4",
  "serial": 15,
  "lineage": "00fbd2a6-dbad-7667-27fb-c0d9551397bc",
  "outputs": {
    "code_commit_url": {
      "value": "https://git-codecommit.eu-west-1.amazonaws.com/v1/repos/vpc-deploy",
      "type": "string"
    }
  },
  "resources": [
    {
      "mode": "data",
      "type": "aws_dynamodb_table",
      "name": "state_table",
      "provider": "provider[\"registry.terraform.io/hashicorp/aws\"]",
      "instances": [
        {
          "schema_version": 0,
          "attributes": {
            "arn": "arn:aws:dynamodb:eu-west-1:275252031212:table/mayuran-aws-tfstatelock-93247",
            "attribute": [
              {
                "name": "LockID",
                "type": "S"
              }
            ],
            "billing_mode": "PROVISIONED",
            "deletion_protection_enabled": false,
            "global_secondary_index": [],
            "hash_key": "LockID",
            "id": "mayuran-aws-tfstatelock-93247",
            "local_secondary_index": [],
            "name": "mayuran-aws-tfstatelock-93247",
            "point_in_time_recovery": [
              {
                "enabled": false
              }
            ],
            "range_key": null,
            "read_capacity": 20,
            "replica": [],
            "server_side_encryption": [],
            "stream_arn": "",
            "stream_enabled": false,
            "stream_label": "",
            "stream_view_type": "",
            "table_class": "STANDARD",
            "tags": {},
            "ttl": [
              {
                "attribute_name": "",
                "enabled": false
              }
            ],
            "write_capacity": 20
          },
          "sensitive_attributes": []
        }
      ]
    },
    {
      "mode": "data",
      "type": "aws_iam_policy",
      "name": "code_commit_power_user",
      "provider": "provider[\"registry.terraform.io/hashicorp/aws\"]",
      "instances": [
        {
          "schema_version": 0,
          "attributes": {
            "arn": "arn:aws:iam::aws:policy/AWSCodeCommitPowerUser",
            "attachment_count": 2,
            "description": "Provides full access to AWS CodeCommit repositories, but does not allow repository deletion.",
            "id": "arn:aws:iam::aws:policy/AWSCodeCommitPowerUser",
            "name": "AWSCodeCommitPowerUser",
            "path": "/",
            "path_prefix": null,
            "policy": "{\n\t\"Version\": \"2012-10-17\",\n\t\"Statement\": [\n\t\t{\n\t\t\t\"Effect\": \"Allow\",\n\t\t\t\"Action\": [\n\t\t\t\t\"codecommit:AssociateApprovalRuleTemplateWithRepository\",\n\t\t\t\t\"codecommit:BatchAssociateApprovalRuleTemplateWithRepositories\",\n\t\t\t\t\"codecommit:BatchDisassociateApprovalRuleTemplateFromRepositories\",\n\t\t\t\t\"codecommit:BatchGet*\",\n\t\t\t\t\"codecommit:BatchDescribe*\",\n\t\t\t\t\"codecommit:Create*\",\n\t\t\t\t\"codecommit:DeleteBranch\",\n\t\t\t\t\"codecommit:DeleteFile\",\n\t\t\t\t\"codecommit:Describe*\",\n\t\t\t\t\"codecommit:DisassociateApprovalRuleTemplateFromRepository\",\n\t\t\t\t\"codecommit:EvaluatePullRequestApprovalRules\",\n\t\t\t\t\"codecommit:Get*\",\n\t\t\t\t\"codecommit:List*\",\n\t\t\t\t\"codecommit:Merge*\",\n\t\t\t\t\"codecommit:OverridePullRequestApprovalRules\",\n\t\t\t\t\"codecommit:Put*\",\n\t\t\t\t\"codecommit:Post*\",\n\t\t\t\t\"codecommit:TagResource\",\n\t\t\t\t\"codecommit:Test*\",\n\t\t\t\t\"codecommit:UntagResource\",\n\t\t\t\t\"codecommit:Update*\",\n\t\t\t\t\"codecommit:GitPull\",\n\t\t\t\t\"codecommit:GitPush\"\n\t\t\t],\n\t\t\t\"Resource\": \"*\"\n\t\t},\n\t\t{\n\t\t\t\"Sid\": \"CloudWatchEventsCodeCommitRulesAccess\",\n\t\t\t\"Effect\": \"Allow\",\n\t\t\t\"Action\": [\n\t\t\t\t\"events:DeleteRule\",\n\t\t\t\t\"events:DescribeRule\",\n\t\t\t\t\"events:DisableRule\",\n\t\t\t\t\"events:EnableRule\",\n\t\t\t\t\"events:PutRule\",\n\t\t\t\t\"events:PutTargets\",\n\t\t\t\t\"events:RemoveTargets\",\n\t\t\t\t\"events:ListTargetsByRule\"\n\t\t\t],\n\t\t\t\"Resource\": \"arn:aws:events:*:*:rule/codecommit*\"\n\t\t},\n\t\t{\n\t\t\t\"Sid\": \"SNSTopicAndSubscriptionAccess\",\n\t\t\t\"Effect\": \"Allow\",\n\t\t\t\"Action\": [\n\t\t\t\t\"sns:Subscribe\",\n\t\t\t\t\"sns:Unsubscribe\"\n\t\t\t],\n\t\t\t\"Resource\": \"arn:aws:sns:*:*:codecommit*\"\n\t\t},\n\t\t{\n\t\t\t\"Sid\": \"SNSTopicAndSubscriptionReadAccess\",\n\t\t\t\"Effect\": \"Allow\",\n\t\t\t\"Action\": [\n\t\t\t\t\"sns:ListTopics\",\n\t\t\t\t\"sns:ListSubscriptionsByTopic\",\n\t\t\t\t\"sns:GetTopicAttributes\"\n\t\t\t],\n\t\t\t\"Resource\": \"*\"\n\t\t},\n\t\t{\n\t\t\t\"Sid\": \"LambdaReadOnlyListAccess\",\n\t\t\t\"Effect\": \"Allow\",\n\t\t\t\"Action\": [\n\t\t\t\t\"lambda:ListFunctions\"\n\t\t\t],\n\t\t\t\"Resource\": \"*\"\n\t\t},\n\t\t{\n\t\t\t\"Sid\": \"IAMReadOnlyListAccess\",\n\t\t\t\"Effect\": \"Allow\",\n\t\t\t\"Action\": [\n\t\t\t\t\"iam:ListUsers\"\n\t\t\t],\n\t\t\t\"Resource\": \"*\"\n\t\t},\n\t\t{\n\t\t\t\"Sid\": \"IAMReadOnlyConsoleAccess\",\n\t\t\t\"Effect\": \"Allow\",\n\t\t\t\"Action\": [\n\t\t\t\t\"iam:ListAccessKeys\",\n\t\t\t\t\"iam:ListSSHPublicKeys\",\n\t\t\t\t\"iam:ListServiceSpecificCredentials\"\n\t\t\t],\n\t\t\t\"Resource\": \"arn:aws:iam::*:user/${aws:username}\"\n\t\t},\n\t\t{\n\t\t\t\"Sid\": \"IAMUserSSHKeys\",\n\t\t\t\"Effect\": \"Allow\",\n\t\t\t\"Action\": [\n\t\t\t\t\"iam:DeleteSSHPublicKey\",\n\t\t\t\t\"iam:GetSSHPublicKey\",\n\t\t\t\t\"iam:ListSSHPublicKeys\",\n\t\t\t\t\"iam:UpdateSSHPublicKey\",\n\t\t\t\t\"iam:UploadSSHPublicKey\"\n\t\t\t],\n\t\t\t\"Resource\": \"arn:aws:iam::*:user/${aws:username}\"\n\t\t},\n\t\t{\n\t\t\t\"Sid\": \"IAMSelfManageServiceSpecificCredentials\",\n\t\t\t\"Effect\": \"Allow\",\n\t\t\t\"Action\": [\n\t\t\t\t\"iam:CreateServiceSpecificCredential\",\n\t\t\t\t\"iam:UpdateServiceSpecificCredential\",\n\t\t\t\t\"iam:DeleteServiceSpecificCredential\",\n\t\t\t\t\"iam:ResetServiceSpecificCredential\"\n\t\t\t],\n\t\t\t\"Resource\": \"arn:aws:iam::*:user/${aws:username}\"\n\t\t},\n\t\t{\n\t\t\t\"Sid\": \"CodeStarNotificationsReadWriteAccess\",\n\t\t\t\"Effect\": \"Allow\",\n\t\t\t\"Action\": [\n\t\t\t\t\"codestar-notifications:CreateNotificationRule\",\n\t\t\t\t\"codestar-notifications:DescribeNotificationRule\",\n\t\t\t\t\"codestar-notifications:UpdateNotificationRule\",\n\t\t\t\t\"codestar-notifications:Subscribe\",\n\t\t\t\t\"codestar-notifications:Unsubscribe\"\n\t\t\t],\n\t\t\t\"Resource\": \"*\",\n\t\t\t\"Condition\": {\n\t\t\t\t\"StringLike\": {\n\t\t\t\t\t\"codestar-notifications:NotificationsForResource\": \"arn:aws:codecommit:*\"\n\t\t\t\t}\n\t\t\t}\n\t\t},\n\t\t{\n\t\t\t\"Sid\": \"CodeStarNotificationsListAccess\",\n\t\t\t\"Effect\": \"Allow\",\n\t\t\t\"Action\": [\n\t\t\t\t\"codestar-notifications:ListNotificationRules\",\n\t\t\t\t\"codestar-notifications:ListTargets\",\n\t\t\t\t\"codestar-notifications:ListTagsforResource\",\n\t\t\t\t\"codestar-notifications:ListEventTypes\"\n\t\t\t],\n\t\t\t\"Resource\": \"*\"\n\t\t},\n\t\t{\n\t\t\t\"Sid\": \"AmazonCodeGuruReviewerFullAccess\",\n\t\t\t\"Effect\": \"Allow\",\n\t\t\t\"Action\": [\n\t\t\t\t\"codeguru-reviewer:AssociateRepository\",\n\t\t\t\t\"codeguru-reviewer:DescribeRepositoryAssociation\",\n\t\t\t\t\"codeguru-reviewer:ListRepositoryAssociations\",\n\t\t\t\t\"codeguru-reviewer:DisassociateRepository\",\n\t\t\t\t\"codeguru-reviewer:DescribeCodeReview\",\n\t\t\t\t\"codeguru-reviewer:ListCodeReviews\"\n\t\t\t],\n\t\t\t\"Resource\": \"*\"\n\t\t},\n\t\t{\n\t\t\t\"Sid\": \"AmazonCodeGuruReviewerSLRCreation\",\n\t\t\t\"Action\": \"iam:CreateServiceLinkedRole\",\n\t\t\t\"Effect\": \"Allow\",\n\t\t\t\"Resource\": \"arn:aws:iam::*:role/aws-service-role/codeguru-reviewer.amazonaws.com/AWSServiceRoleForAmazonCodeGuruReviewer\",\n\t\t\t\"Condition\": {\n\t\t\t\t\"StringLike\": {\n\t\t\t\t\t\"iam:AWSServiceName\": \"codeguru-reviewer.amazonaws.com\"\n\t\t\t\t}\n\t\t\t}\n\t\t},\n\t\t{\n\t\t\t\"Sid\": \"CloudWatchEventsManagedRules\",\n\t\t\t\"Effect\": \"Allow\",\n\t\t\t\"Action\": [\n\t\t\t\t\"events:PutRule\",\n\t\t\t\t\"events:PutTargets\",\n\t\t\t\t\"events:DeleteRule\",\n\t\t\t\t\"events:RemoveTargets\"\n\t\t\t],\n\t\t\t\"Resource\": \"*\",\n\t\t\t\"Condition\": {\n\t\t\t\t\"StringEquals\": {\n\t\t\t\t\t\"events:ManagedBy\": \"codeguru-reviewer.amazonaws.com\"\n\t\t\t\t}\n\t\t\t}\n\t\t},\n\t\t{\n\t\t\t\"Sid\": \"CodeStarNotificationsChatbotAccess\",\n\t\t\t\"Effect\": \"Allow\",\n\t\t\t\"Action\": [\n\t\t\t\t\"chatbot:DescribeSlackChannelConfigurations\",\n\t\t\t\t\"chatbot:ListMicrosoftTeamsChannelConfigurations\"\n\t\t\t],\n\t\t\t\"Resource\": \"*\"\n\t\t},\n\t\t{\n\t\t\t\"Sid\": \"CodeStarConnectionsReadOnlyAccess\",\n\t\t\t\"Effect\": \"Allow\",\n\t\t\t\"Action\": [\n\t\t\t\t\"codestar-connections:ListConnections\",\n\t\t\t\t\"codestar-connections:GetConnection\"\n\t\t\t],\n\t\t\t\"Resource\": \"arn:aws:codestar-connections:*:*:connection/*\"\n\t\t}\n\t]\n}",
            "policy_id": "ANPAI4UIINUVGB5SEC57G",
            "tags": {}
          },
          "sensitive_attributes": []
        }
      ]
    },
    {
      "mode": "data",
      "type": "aws_s3_bucket",
      "name": "state_bucket",
      "provider": "provider[\"registry.terraform.io/hashicorp/aws\"]",
      "instances": [
        {
          "schema_version": 0,
          "attributes": {
            "arn": "arn:aws:s3:::mayuran-aws-93247",
            "bucket": "mayuran-aws-93247",
            "bucket_domain_name": "mayuran-aws-93247.s3.amazonaws.com",
            "bucket_regional_domain_name": "mayuran-aws-93247.s3.eu-west-1.amazonaws.com",
            "hosted_zone_id": "Z1BKCTXD74EZPE",
            "id": "mayuran-aws-93247",
            "region": "eu-west-1",
            "website_domain": null,
            "website_endpoint": null
          },
          "sensitive_attributes": []
        }
      ]
    },
    {
      "mode": "managed",
      "type": "aws_codebuild_project",
      "name": "build_project",
      "provider": "provider[\"registry.terraform.io/hashicorp/aws\"]",
      "instances": [
        {
          "schema_version": 0,
          "attributes": {
            "arn": "arn:aws:codebuild:eu-west-1:275252031212:project/vpc-deploy-project",
            "artifacts": [
              {
                "artifact_identifier": "",
                "bucket_owner_access": "",
                "encryption_disabled": false,
                "location": "globo-build-logs-12144",
                "name": "vpc-deploy-project",
                "namespace_type": "NONE",
                "override_artifact_name": false,
                "packaging": "NONE",
                "path": "",
                "type": "S3"
              }
            ],
            "badge_enabled": false,
            "badge_url": "",
            "build_batch_config": [],
            "build_timeout": 5,
            "cache": [
              {
                "location": "",
                "modes": [],
                "type": "NO_CACHE"
              }
            ],
            "concurrent_build_limit": 0,
            "description": "Project to deploy VPCs",
            "encryption_key": "arn:aws:kms:eu-west-1:275252031212:alias/aws/s3",
            "environment": [
              {
                "certificate": "",
                "compute_type": "BUILD_GENERAL1_SMALL",
                "environment_variable": [
                  {
                    "name": "TF_ACTION",
                    "type": "PLAINTEXT",
                    "value": "PLAN"
                  },
                  {
                    "name": "TF_VERSION_INSTALL",
                    "type": "PLAINTEXT",
                    "value": "1.2.3"
                  },
                  {
                    "name": "TF_BUCKET",
                    "type": "PLAINTEXT",
                    "value": "mayuran-aws-93247"
                  },
                  {
                    "name": "TF_TABLE",
                    "type": "PLAINTEXT",
                    "value": "mayuran-aws-tfstatelock-93247"
                  },
                  {
                    "name": "TF_REGION",
                    "type": "PLAINTEXT",
                    "value": "eu-west-1"
                  },
                  {
                    "name": "WORKSPACE_NAME",
                    "type": "PLAINTEXT",
                    "value": "Default"
                  }
                ],
                "image": "aws/codebuild/standard:2.0",
                "image_pull_credentials_type": "CODEBUILD",
                "privileged_mode": false,
                "registry_credential": [],
                "type": "LINUX_CONTAINER"
              }
            ],
            "file_system_locations": [],
            "id": "arn:aws:codebuild:eu-west-1:275252031212:project/vpc-deploy-project",
            "logs_config": [
              {
                "cloudwatch_logs": [
                  {
                    "group_name": "",
                    "status": "ENABLED",
                    "stream_name": ""
                  }
                ],
                "s3_logs": [
                  {
                    "bucket_owner_access": "",
                    "encryption_disabled": false,
                    "location": "globo-build-logs-12144/build-log",
                    "status": "ENABLED"
                  }
                ]
              }
            ],
            "name": "vpc-deploy-project",
            "project_visibility": "PRIVATE",
            "public_project_alias": "",
            "queued_timeout": 480,
            "resource_access_role": "",
            "secondary_artifacts": [],
            "secondary_source_version": [],
            "secondary_sources": [],
            "service_role": "arn:aws:iam::275252031212:role/code-build-assume-role-12144",
            "source": [
              {
                "build_status_config": [],
                "buildspec": "",
                "git_clone_depth": 0,
                "git_submodules_config": [],
                "insecure_ssl": false,
                "location": "https://git-codecommit.eu-west-1.amazonaws.com/v1/repos/vpc-deploy",
                "report_build_status": false,
                "type": "CODECOMMIT"
              }
            ],
            "source_version": "main",
            "tags": {},
            "tags_all": {},
            "vpc_config": []
          },
          "sensitive_attributes": [],
          "private": "bnVsbA==",
          "dependencies": [
            "aws_codecommit_repository.vpc_code",
            "aws_iam_role.code_build_assume_role",
            "aws_s3_bucket.vpc_deploy_logs",
            "random_integer.rand"
          ]
        }
      ]
    },
    {
      "mode": "managed",
      "type": "aws_codecommit_repository",
      "name": "vpc_code",
      "provider": "provider[\"registry.terraform.io/hashicorp/aws\"]",
      "instances": [
        {
          "schema_version": 0,
          "attributes": {
            "arn": "arn:aws:codecommit:eu-west-1:275252031212:vpc-deploy",
            "clone_url_http": "https://git-codecommit.eu-west-1.amazonaws.com/v1/repos/vpc-deploy",
            "clone_url_ssh": "ssh://git-codecommit.eu-west-1.amazonaws.com/v1/repos/vpc-deploy",
            "default_branch": null,
            "description": "Code for deploying VPCs",
            "id": "vpc-deploy",
            "kms_key_id": "arn:aws:kms:eu-west-1:275252031212:key/2bacfee9-4078-487a-a442-a1d84e2f80a1",
            "repository_id": "3bd85dc2-c42e-4b55-a179-b6c0b0106a5b",
            "repository_name": "vpc-deploy",
            "tags": {},
            "tags_all": {}
          },
          "sensitive_attributes": [],
          "private": "bnVsbA=="
        }
      ]
    },
    {
      "mode": "managed",
      "type": "aws_codepipeline",
      "name": "codepipeline",
      "provider": "provider[\"registry.terraform.io/hashicorp/aws\"]",
      "instances": [
        {
          "schema_version": 0,
          "attributes": {
            "arn": "arn:aws:codepipeline:eu-west-1:275252031212:vpc-deploy-pipeline",
            "artifact_store": [
              {
                "encryption_key": [],
                "location": "globo-build-logs-12144",
                "region": "",
                "type": "S3"
              }
            ],
            "execution_mode": "SUPERSEDED",
            "id": "vpc-deploy-pipeline",
            "name": "vpc-deploy-pipeline",
            "pipeline_type": "V1",
            "role_arn": "arn:aws:iam::275252031212:role/vpc-codepipeline-role-12144",
            "stage": [
              {
                "action": [
                  {
                    "category": "Source",
                    "configuration": {
                      "BranchName": "main",
                      "RepositoryName": "vpc-deploy"
                    },
                    "input_artifacts": [],
                    "name": "Source",
                    "namespace": "",
                    "output_artifacts": [
                      "source_output"
                    ],
                    "owner": "AWS",
                    "provider": "CodeCommit",
                    "region": "",
                    "role_arn": "",
                    "run_order": 1,
                    "version": "1"
                  }
                ],
                "name": "Source"
              },
              {
                "action": [
                  {
                    "category": "Build",
                    "configuration": {
                      "EnvironmentVariables": "[{\"name\":\"TF_ACTION\",\"type\":\"PLAINTEXT\",\"value\":\"PLAN\"},{\"name\":\"WORKSPACE_NAME\",\"type\":\"PLAINTEXT\",\"value\":\"Development\"}]",
                      "ProjectName": "vpc-deploy-project"
                    },
                    "input_artifacts": [
                      "source_output"
                    ],
                    "name": "Plan",
                    "namespace": "",
                    "output_artifacts": [
                      "Development_plan_output"
                    ],
                    "owner": "AWS",
                    "provider": "CodeBuild",
                    "region": "",
                    "role_arn": "",
                    "run_order": 1,
                    "version": "1"
                  },
                  {
                    "category": "Build",
                    "configuration": {
                      "EnvironmentVariables": "[{\"name\":\"TF_ACTION\",\"type\":\"PLAINTEXT\",\"value\":\"APPLY\"},{\"name\":\"WORKSPACE_NAME\",\"type\":\"PLAINTEXT\",\"value\":\"Development\"}]",
                      "ProjectName": "vpc-deploy-project"
                    },
                    "input_artifacts": [
                      "source_output"
                    ],
                    "name": "Apply",
                    "namespace": "",
                    "output_artifacts": [
                      "Development_apply_output"
                    ],
                    "owner": "AWS",
                    "provider": "CodeBuild",
                    "region": "",
                    "role_arn": "",
                    "run_order": 2,
                    "version": "1"
                  }
                ],
                "name": "Development"
              }
            ],
            "tags": {},
            "tags_all": {},
            "trigger": [],
            "variable": []
          },
          "sensitive_attributes": [],
          "private": "bnVsbA==",
          "dependencies": [
            "aws_codebuild_project.build_project",
            "aws_codecommit_repository.vpc_code",
            "aws_iam_role.code_build_assume_role",
            "aws_iam_role.codepipeline_role",
            "aws_s3_bucket.vpc_deploy_logs",
            "random_integer.rand"
          ]
        }
      ]
    },
    {
      "mode": "managed",
      "type": "aws_iam_role",
      "name": "code_build_assume_role",
      "provider": "provider[\"registry.terraform.io/hashicorp/aws\"]",
      "instances": [
        {
          "schema_version": 0,
          "attributes": {
            "arn": "arn:aws:iam::275252031212:role/code-build-assume-role-12144",
            "assume_role_policy": "{\"Statement\":[{\"Action\":\"sts:AssumeRole\",\"Effect\":\"Allow\",\"Principal\":{\"Service\":\"codebuild.amazonaws.com\"}}],\"Version\":\"2012-10-17\"}",
            "create_date": "2024-05-02T20:37:51Z",
            "description": "",
            "force_detach_policies": false,
            "id": "code-build-assume-role-12144",
            "inline_policy": [
              {
                "name": "terraform-20240502203752911100000002",
                "policy": "{\"Version\":\"2012-10-17\",\"Statement\":[{\"Action\":[\"logs:CreateLogGroup\",\"logs:CreateLogStream\",\"logs:PutLogEvents\"],\"Effect\":\"Allow\",\"Resource\":[\"*\"]},{\"Action\":[\"ec2:*\"],\"Effect\":\"Allow\",\"Resource\":\"*\"},{\"Action\":[\"dynamodb:*\"],\"Effect\":\"Allow\",\"Resource\":[\"arn:aws:dynamodb:eu-west-1:275252031212:table/mayuran-aws-tfstatelock-93247\"]},{\"Action\":[\"s3:*\"],\"Effect\":\"Allow\",\"Resource\":[\"arn:aws:s3:::mayuran-aws-93247\",\"arn:aws:s3:::mayuran-aws-93247/*\",\"arn:aws:s3:::globo-build-logs-12144\",\"arn:aws:s3:::globo-build-logs-12144/*\"]},{\"Action\":[\"codecommit:GitPull\"],\"Effect\":\"Allow\",\"Resource\":[\"arn:aws:codecommit:eu-west-1:275252031212:vpc-deploy\"]}]}"
              }
            ],
            "managed_policy_arns": [],
            "max_session_duration": 3600,
            "name": "code-build-assume-role-12144",
            "name_prefix": "",
            "path": "/",
            "permissions_boundary": "",
            "tags": {},
            "tags_all": {},
            "unique_id": "AROAUAFSMV3WASQIATJUX"
          },
          "sensitive_attributes": [],
          "private": "bnVsbA==",
          "dependencies": [
            "random_integer.rand"
          ]
        }
      ]
    },
    {
      "mode": "managed",
      "type": "aws_iam_role",
      "name": "codepipeline_role",
      "provider": "provider[\"registry.terraform.io/hashicorp/aws\"]",
      "instances": [
        {
          "schema_version": 0,
          "attributes": {
            "arn": "arn:aws:iam::275252031212:role/vpc-codepipeline-role-12144",
            "assume_role_policy": "{\"Statement\":[{\"Action\":\"sts:AssumeRole\",\"Effect\":\"Allow\",\"Principal\":{\"Service\":\"codepipeline.amazonaws.com\"}}],\"Version\":\"2012-10-17\"}",
            "create_date": "2024-05-02T20:37:51Z",
            "description": "",
            "force_detach_policies": false,
            "id": "vpc-codepipeline-role-12144",
            "inline_policy": [
              {
                "name": "vpc-codepipeline_policy-12144",
                "policy": "{\"Version\":\"2012-10-17\",\"Statement\":[{\"Action\":[\"iam:PassRole\"],\"Condition\":{\"StringEqualsIfExists\":{\"iam:PassedToService\":[\"cloudformation.amazonaws.com\",\"elasticbeanstalk.amazonaws.com\",\"ec2.amazonaws.com\",\"ecs-tasks.amazonaws.com\"]}},\"Effect\":\"Allow\",\"Resource\":\"*\"},{\"Action\":[\"codecommit:CancelUploadArchive\",\"codecommit:GetBranch\",\"codecommit:GetCommit\",\"codecommit:GetUploadArchiveStatus\",\"codecommit:UploadArchive\"],\"Effect\":\"Allow\",\"Resource\":\"*\"},{\"Action\":[\"elasticbeanstalk:*\",\"ec2:*\",\"elasticloadbalancing:*\",\"autoscaling:*\",\"cloudwatch:*\",\"s3:*\",\"sns:*\",\"cloudformation:*\",\"rds:*\",\"sqs:*\",\"ecs:*\"],\"Effect\":\"Allow\",\"Resource\":\"*\"},{\"Action\":[\"codebuild:BatchGetBuilds\",\"codebuild:StartBuild\"],\"Effect\":\"Allow\",\"Resource\":\"*\"}]}"
              }
            ],
            "managed_policy_arns": [],
            "max_session_duration": 3600,
            "name": "vpc-codepipeline-role-12144",
            "name_prefix": "",
            "path": "/",
            "permissions_boundary": "",
            "tags": {},
            "tags_all": {},
            "unique_id": "AROAUAFSMV3WGX6O6W5BO"
          },
          "sensitive_attributes": [],
          "private": "bnVsbA==",
          "dependencies": [
            "random_integer.rand"
          ]
        }
      ]
    },
    {
      "mode": "managed",
      "type": "aws_iam_role_policy",
      "name": "cloud_build_policy",
      "provider": "provider[\"registry.terraform.io/hashicorp/aws\"]",
      "instances": [
        {
          "schema_version": 0,
          "attributes": {
            "id": "code-build-assume-role-12144:terraform-20240502203752911100000002",
            "name": "terraform-20240502203752911100000002",
            "name_prefix": "terraform-",
            "policy": "{\"Version\":\"2012-10-17\",\"Statement\":[{\"Action\":[\"logs:CreateLogGroup\",\"logs:CreateLogStream\",\"logs:PutLogEvents\"],\"Effect\":\"Allow\",\"Resource\":[\"*\"]},{\"Action\":[\"ec2:*\"],\"Effect\":\"Allow\",\"Resource\":\"*\"},{\"Action\":[\"dynamodb:*\"],\"Effect\":\"Allow\",\"Resource\":[\"arn:aws:dynamodb:eu-west-1:275252031212:table/mayuran-aws-tfstatelock-93247\"]},{\"Action\":[\"s3:*\"],\"Effect\":\"Allow\",\"Resource\":[\"arn:aws:s3:::mayuran-aws-93247\",\"arn:aws:s3:::mayuran-aws-93247/*\",\"arn:aws:s3:::globo-build-logs-12144\",\"arn:aws:s3:::globo-build-logs-12144/*\"]},{\"Action\":[\"codecommit:GitPull\"],\"Effect\":\"Allow\",\"Resource\":[\"arn:aws:codecommit:eu-west-1:275252031212:vpc-deploy\"]}]}",
            "role": "code-build-assume-role-12144"
          },
          "sensitive_attributes": [],
          "private": "bnVsbA==",
          "dependencies": [
            "aws_codecommit_repository.vpc_code",
            "aws_iam_role.code_build_assume_role",
            "aws_s3_bucket.vpc_deploy_logs",
            "data.aws_dynamodb_table.state_table",
            "data.aws_s3_bucket.state_bucket",
            "random_integer.rand"
          ]
        }
      ]
    },
    {
      "mode": "managed",
      "type": "aws_iam_role_policy",
      "name": "codepipeline_policy",
      "provider": "provider[\"registry.terraform.io/hashicorp/aws\"]",
      "instances": [
        {
          "schema_version": 0,
          "attributes": {
            "id": "vpc-codepipeline-role-12144:vpc-codepipeline_policy-12144",
            "name": "vpc-codepipeline_policy-12144",
            "name_prefix": "",
            "policy": "{\"Version\":\"2012-10-17\",\"Statement\":[{\"Action\":[\"iam:PassRole\"],\"Condition\":{\"StringEqualsIfExists\":{\"iam:PassedToService\":[\"cloudformation.amazonaws.com\",\"elasticbeanstalk.amazonaws.com\",\"ec2.amazonaws.com\",\"ecs-tasks.amazonaws.com\"]}},\"Effect\":\"Allow\",\"Resource\":\"*\"},{\"Action\":[\"codecommit:CancelUploadArchive\",\"codecommit:GetBranch\",\"codecommit:GetCommit\",\"codecommit:GetUploadArchiveStatus\",\"codecommit:UploadArchive\"],\"Effect\":\"Allow\",\"Resource\":\"*\"},{\"Action\":[\"elasticbeanstalk:*\",\"ec2:*\",\"elasticloadbalancing:*\",\"autoscaling:*\",\"cloudwatch:*\",\"s3:*\",\"sns:*\",\"cloudformation:*\",\"rds:*\",\"sqs:*\",\"ecs:*\"],\"Effect\":\"Allow\",\"Resource\":\"*\"},{\"Action\":[\"codebuild:BatchGetBuilds\",\"codebuild:StartBuild\"],\"Effect\":\"Allow\",\"Resource\":\"*\"}]}",
            "role": "vpc-codepipeline-role-12144"
          },
          "sensitive_attributes": [],
          "private": "bnVsbA==",
          "dependencies": [
            "aws_iam_role.codepipeline_role",
            "random_integer.rand"
          ]
        }
      ]
    },
    {
      "mode": "managed",
      "type": "aws_iam_user_policy_attachment",
      "name": "code_commit_current",
      "provider": "provider[\"registry.terraform.io/hashicorp/aws\"]",
      "instances": [
        {
          "schema_version": 0,
          "attributes": {
            "id": "codeCommitPowerUser-20240502203751963600000001",
            "policy_arn": "arn:aws:iam::aws:policy/AWSCodeCommitPowerUser",
            "user": "codeCommitPowerUser"
          },
          "sensitive_attributes": [],
          "private": "bnVsbA==",
          "dependencies": [
            "data.aws_iam_policy.code_commit_power_user"
          ]
        }
      ]
    },
    {
      "mode": "managed",
      "type": "aws_s3_bucket",
      "name": "vpc_deploy_logs",
      "provider": "provider[\"registry.terraform.io/hashicorp/aws\"]",
      "instances": [
        {
          "schema_version": 0,
          "attributes": {
            "acceleration_status": "",
            "acl": null,
            "arn": "arn:aws:s3:::globo-build-logs-12144",
            "bucket": "globo-build-logs-12144",
            "bucket_domain_name": "globo-build-logs-12144.s3.amazonaws.com",
            "bucket_prefix": "",
            "bucket_regional_domain_name": "globo-build-logs-12144.s3.eu-west-1.amazonaws.com",
            "cors_rule": [],
            "force_destroy": true,
            "grant": [
              {
                "id": "6e73264d581a653048d94245bda8f99d77624a145ca0041ecfb164d6ee5b0296",
                "permissions": [
                  "FULL_CONTROL"
                ],
                "type": "CanonicalUser",
                "uri": ""
              }
            ],
            "hosted_zone_id": "Z1BKCTXD74EZPE",
            "id": "globo-build-logs-12144",
            "lifecycle_rule": [],
            "logging": [],
            "object_lock_configuration": [],
            "object_lock_enabled": false,
            "policy": "",
            "region": "eu-west-1",
            "replication_configuration": [],
            "request_payer": "BucketOwner",
            "server_side_encryption_configuration": [
              {
                "rule": [
                  {
                    "apply_server_side_encryption_by_default": [
                      {
                        "kms_master_key_id": "",
                        "sse_algorithm": "AES256"
                      }
                    ],
                    "bucket_key_enabled": false
                  }
                ]
              }
            ],
            "tags": {},
            "tags_all": {},
            "timeouts": null,
            "versioning": [
              {
                "enabled": false,
                "mfa_delete": false
              }
            ],
            "website": [],
            "website_domain": null,
            "website_endpoint": null
          },
          "sensitive_attributes": [],
          "private": "eyJlMmJmYjczMC1lY2FhLTExZTYtOGY4OC0zNDM2M2JjN2M0YzAiOnsiY3JlYXRlIjoxMjAwMDAwMDAwMDAwLCJkZWxldGUiOjM2MDAwMDAwMDAwMDAsInJlYWQiOjEyMDAwMDAwMDAwMDAsInVwZGF0ZSI6MTIwMDAwMDAwMDAwMH19",
          "dependencies": [
            "random_integer.rand"
          ]
        }
      ]
    },
    {
      "mode": "managed",
      "type": "aws_s3_bucket_acl",
      "name": "vpc_deploy_logs",
      "provider": "provider[\"registry.terraform.io/hashicorp/aws\"]",
      "instances": [
        {
          "schema_version": 0,
          "attributes": {
            "access_control_policy": [
              {
                "grant": [
                  {
                    "grantee": [
                      {
                        "display_name": "smayuran81",
                        "email_address": "",
                        "id": "6e73264d581a653048d94245bda8f99d77624a145ca0041ecfb164d6ee5b0296",
                        "type": "CanonicalUser",
                        "uri": ""
                      }
                    ],
                    "permission": "FULL_CONTROL"
                  }
                ],
                "owner": [
                  {
                    "display_name": "smayuran81",
                    "id": "6e73264d581a653048d94245bda8f99d77624a145ca0041ecfb164d6ee5b0296"
                  }
                ]
              }
            ],
            "acl": "private",
            "bucket": "globo-build-logs-12144",
            "expected_bucket_owner": "",
            "id": "globo-build-logs-12144,private"
          },
          "sensitive_attributes": [],
          "private": "bnVsbA==",
          "dependencies": [
            "aws_s3_bucket.vpc_deploy_logs",
            "aws_s3_bucket_ownership_controls.vpc_deploy_logs",
            "random_integer.rand"
          ]
        }
      ]
    },
    {
      "mode": "managed",
      "type": "aws_s3_bucket_ownership_controls",
      "name": "vpc_deploy_logs",
      "provider": "provider[\"registry.terraform.io/hashicorp/aws\"]",
      "instances": [
        {
          "schema_version": 0,
          "attributes": {
            "bucket": "globo-build-logs-12144",
            "id": "globo-build-logs-12144",
            "rule": [
              {
                "object_ownership": "BucketOwnerPreferred"
              }
            ]
          },
          "sensitive_attributes": [],
          "private": "bnVsbA==",
          "dependencies": [
            "aws_s3_bucket.vpc_deploy_logs",
            "random_integer.rand"
          ]
        }
      ]
    },
    {
      "mode": "managed",
      "type": "random_integer",
      "name": "rand",
      "provider": "provider[\"registry.terraform.io/hashicorp/random\"]",
      "instances": [
        {
          "schema_version": 0,
          "attributes": {
            "id": "12144",
            "keepers": null,
            "max": 99999,
            "min": 10000,
            "result": 12144,
            "seed": null
          },
          "sensitive_attributes": []
        }
      ]
    }
  ],
  "check_results": null
}
